
Microsoft Visual Studio Solution File, Format Version 12.00
# Visual Studio 15
VisualStudioVersion = 15.0.33529.398
MinimumVisualStudioVersion = 10.0.40219.1
Project("{FAE04EC0-301F-11D3-BF4B-00C04F79EFBC}") = "LeapStageWeb", "LeapStageWeb\LeapStageWeb.csproj", "{D1FF0535-D019-4B72-8DA3-010FD38EA292}"
EndProject
Global
	GlobalSection(SolutionConfigurationPlatforms) = preSolution
		Debug|Any CPU = Debug|Any CPU
		Release|Any CPU = Release|Any CPU
	EndGlobalSection
	GlobalSection(ProjectConfigurationPlatforms) = postSolution
		{D1FF0535-D019-4B72-8DA3-010FD38EA292}.Debug|Any CPU.ActiveCfg = Debug|Any CPU
		{D1FF0535-D019-4B72-8DA3-010FD38EA292}.Debug|Any CPU.Build.0 = Debug|Any CPU
		{D1FF0535-D019-4B72-8DA3-010FD38EA292}.Release|Any CPU.ActiveCfg = Release|Any CPU
		{D1FF0535-D019-4B72-8DA3-010FD38EA292}.Release|Any CPU.Build.0 = Release|Any CPU
	EndGlobalSection
	GlobalSection(SolutionProperties) = preSolution
		HideSolutionNode = FALSE
	EndGlobalSection
	GlobalSection(ExtensibilityGlobals) = postSolution
		SolutionGuid = {6DF93219-10FA-4445-96D2-0210A8FB4A88}
	EndGlobalSection
EndGlobal
